
Microsoft Visual Studio Solution File, Format Version 12.00
# Visual Studio Version 17
VisualStudioVersion = 17.1.32228.430
MinimumVisualStudioVersion = 10.0.40219.1
Project("{9A19103F-16F7-4668-BE54-9A1E7A4F7556}") = "MetaGameStore", "MetaGameStore\MetaGameStore.csproj", "{31AA6990-22FE-42BD-BD98-1E22BE68E582}"
	ProjectSection(ProjectDependencies) = postProject
		{51A1737B-09AE-4888-9AAC-E5834170A687} = {51A1737B-09AE-4888-9AAC-E5834170A687}
	EndProjectSection
EndProject
Project("{9A19103F-16F7-4668-BE54-9A1E7A4F7556}") = "IRepositories", "IRepositories\IRepositories.csproj", "{E3698B62-9726-49A9-B3B4-FA7DC6685EC9}"
EndProject
Project("{9A19103F-16F7-4668-BE54-9A1E7A4F7556}") = "Repositories", "Repositories\Repositories.csproj", "{157349ED-8E72-4629-888E-5E8292306ECE}"
EndProject
Project("{9A19103F-16F7-4668-BE54-9A1E7A4F7556}") = "Models", "Models\Models.csproj", "{B19B097A-1431-400C-B005-3B11867ABFC4}"
EndProject
Project("{9A19103F-16F7-4668-BE54-9A1E7A4F7556}") = "Enums", "Enums\Enums.csproj", "{51A1737B-09AE-4888-9AAC-E5834170A687}"
EndProject
Project("{9A19103F-16F7-4668-BE54-9A1E7A4F7556}") = "IBusinessLayer", "IBusinessLayer\IBusinessLayer.csproj", "{6727B28A-7B01-4DF6-BAFA-FD9A7DD14471}"
EndProject
Project("{9A19103F-16F7-4668-BE54-9A1E7A4F7556}") = "BusinessLayer", "BusinessLayer\BusinessLayer.csproj", "{B81221CC-7F21-44BD-9C3A-8DB82079400A}"
EndProject
Project("{9A19103F-16F7-4668-BE54-9A1E7A4F7556}") = "Tests", "Tests\Tests.csproj", "{92EDE600-2940-4641-8237-BEFA0DFEC161}"
EndProject
Global
	GlobalSection(SolutionConfigurationPlatforms) = preSolution
		Debug|Any CPU = Debug|Any CPU
		Release|Any CPU = Release|Any CPU
	EndGlobalSection
	GlobalSection(ProjectConfigurationPlatforms) = postSolution
		{31AA6990-22FE-42BD-BD98-1E22BE68E582}.Debug|Any CPU.ActiveCfg = Debug|Any CPU
		{31AA6990-22FE-42BD-BD98-1E22BE68E582}.Debug|Any CPU.Build.0 = Debug|Any CPU
		{31AA6990-22FE-42BD-BD98-1E22BE68E582}.Release|Any CPU.ActiveCfg = Release|Any CPU
		{31AA6990-22FE-42BD-BD98-1E22BE68E582}.Release|Any CPU.Build.0 = Release|Any CPU
		{E3698B62-9726-49A9-B3B4-FA7DC6685EC9}.Debug|Any CPU.ActiveCfg = Debug|Any CPU
		{E3698B62-9726-49A9-B3B4-FA7DC6685EC9}.Debug|Any CPU.Build.0 = Debug|Any CPU
		{E3698B62-9726-49A9-B3B4-FA7DC6685EC9}.Release|Any CPU.ActiveCfg = Release|Any CPU
		{E3698B62-9726-49A9-B3B4-FA7DC6685EC9}.Release|Any CPU.Build.0 = Release|Any CPU
		{157349ED-8E72-4629-888E-5E8292306ECE}.Debug|Any CPU.ActiveCfg = Debug|Any CPU
		{157349ED-8E72-4629-888E-5E8292306ECE}.Debug|Any CPU.Build.0 = Debug|Any CPU
		{157349ED-8E72-4629-888E-5E8292306ECE}.Release|Any CPU.ActiveCfg = Release|Any CPU
		{157349ED-8E72-4629-888E-5E8292306ECE}.Release|Any CPU.Build.0 = Release|Any CPU
		{B19B097A-1431-400C-B005-3B11867ABFC4}.Debug|Any CPU.ActiveCfg = Debug|Any CPU
		{B19B097A-1431-400C-B005-3B11867ABFC4}.Debug|Any CPU.Build.0 = Debug|Any CPU
		{B19B097A-1431-400C-B005-3B11867ABFC4}.Release|Any CPU.ActiveCfg = Release|Any CPU
		{B19B097A-1431-400C-B005-3B11867ABFC4}.Release|Any CPU.Build.0 = Release|Any CPU
		{51A1737B-09AE-4888-9AAC-E5834170A687}.Debug|Any CPU.ActiveCfg = Debug|Any CPU
		{51A1737B-09AE-4888-9AAC-E5834170A687}.Debug|Any CPU.Build.0 = Debug|Any CPU
		{51A1737B-09AE-4888-9AAC-E5834170A687}.Release|Any CPU.ActiveCfg = Release|Any CPU
		{51A1737B-09AE-4888-9AAC-E5834170A687}.Release|Any CPU.Build.0 = Release|Any CPU
		{6727B28A-7B01-4DF6-BAFA-FD9A7DD14471}.Debug|Any CPU.ActiveCfg = Debug|Any CPU
		{6727B28A-7B01-4DF6-BAFA-FD9A7DD14471}.Debug|Any CPU.Build.0 = Debug|Any CPU
		{6727B28A-7B01-4DF6-BAFA-FD9A7DD14471}.Release|Any CPU.ActiveCfg = Release|Any CPU
		{6727B28A-7B01-4DF6-BAFA-FD9A7DD14471}.Release|Any CPU.Build.0 = Release|Any CPU
		{B81221CC-7F21-44BD-9C3A-8DB82079400A}.Debug|Any CPU.ActiveCfg = Debug|Any CPU
		{B81221CC-7F21-44BD-9C3A-8DB82079400A}.Debug|Any CPU.Build.0 = Debug|Any CPU
		{B81221CC-7F21-44BD-9C3A-8DB82079400A}.Release|Any CPU.ActiveCfg = Release|Any CPU
		{B81221CC-7F21-44BD-9C3A-8DB82079400A}.Release|Any CPU.Build.0 = Release|Any CPU
		{92EDE600-2940-4641-8237-BEFA0DFEC161}.Debug|Any CPU.ActiveCfg = Debug|Any CPU
		{92EDE600-2940-4641-8237-BEFA0DFEC161}.Debug|Any CPU.Build.0 = Debug|Any CPU
		{92EDE600-2940-4641-8237-BEFA0DFEC161}.Release|Any CPU.ActiveCfg = Release|Any CPU
		{92EDE600-2940-4641-8237-BEFA0DFEC161}.Release|Any CPU.Build.0 = Release|Any CPU
	EndGlobalSection
	GlobalSection(SolutionProperties) = preSolution
		HideSolutionNode = FALSE
	EndGlobalSection
	GlobalSection(ExtensibilityGlobals) = postSolution
		SolutionGuid = {CFEE43E6-EBB9-497E-9F7D-F5C3CC979EEF}
	EndGlobalSection
EndGlobal
